{
  "lockfileVersion": 1,
  "configVersion": 1,
  "workspaces": {
    "": {
      "name": "cytracer",
      "dependencies": {
        "@iconify-json/fluent": "^1.2.55",
        "@iconify/vue": "^4.3.0",
        "@tauri-apps/api": "^2.1.1",
        "@tauri-apps/plugin-dialog": "^2.2.0",
        "@tauri-apps/plugin-opener": "^2.2.6",
        "vue": "^3.5.13",
        "vue-fluent-widgets": "^1.0.3",
        "vue-router": "^4.5.0",
      },
      "devDependencies": {
        "@tauri-apps/cli": "^2.1.0",
        "@vitejs/plugin-vue": "^5.2.1",
        "vite": "^5.4.11",
      },
    },
  },
  "packages": {
    "@babel/helper-string-parser": ["@babel/helper-string-parser@7.29.7", "https://registry.npmmirror.com/@babel/helper-string-parser/-/helper-string-parser-7.29.7.tgz", {}, "sha512-Pb5ijPrZ89GDH8223L4UP8i6QApWxs04RbPQJTeWDV0/keR2E36MeKnyr6LYmUUvqRRI+Iv87SuF1W6ErINzYw=="],

    "@babel/helper-validator-identifier": ["@babel/helper-validator-identifier@7.29.7", "https://registry.npmmirror.com/@babel/helper-validator-identifier/-/helper-validator-identifier-7.29.7.tgz", {}, "sha512-qehxGkRj55h/ff8EMaJ+cYhyaKlHIxqYDn682wQD7RNp9UujOQsHog2uS0r2vzr4pW+sXf90NeeayjcNaX3fFg=="],

    "@babel/parser": ["@babel/parser@7.29.9", "https://registry.npmmirror.com/@babel/parser/-/parser-7.29.9.tgz", { "dependencies": { "@babel/types": "^7.29.8" }, "bin": "./bin/babel-parser.js" }, "sha512-CjXrNHTnvqBVqHgdBysY3vk2T8tpJHb5/RMeHJBTyVa9xgugCB0CJTx/3oO8RV2QRQP391RWpB7D6hLjm8V9uA=="],

    "@babel/types": ["@babel/types@7.29.8", "https://registry.npmmirror.com/@babel/types/-/types-7.29.8.tgz", { "dependencies": { "@babel/helper-string-parser": "^7.29.7", "@babel/helper-validator-identifier": "^7.29.7" } }, "sha512-Vj1jF3cPfxg7OAfoI7QnVKLoILlm2JF9pnVHrX8qx7AHMiYWT+NDAA7jChlNgRS4WTLc/fD1lXLmPixluj+3Gg=="],

    "@esbuild/aix-ppc64": ["@esbuild/aix-ppc64@0.21.5", "https://registry.npmmirror.com/@esbuild/aix-ppc64/-/aix-ppc64-0.21.5.tgz", { "os": "aix", "cpu": "ppc64" }, "sha512-1SDgH6ZSPTlggy1yI6+Dbkiz8xzpHJEVAlF/AM1tHPLsf5STom9rwtjE4hKAF20FfXXNTFqEYXyJNWh1GiZedQ=="],

    "@esbuild/android-arm": ["@esbuild/android-arm@0.21.5", "https://registry.npmmirror.com/@esbuild/android-arm/-/android-arm-0.21.5.tgz", { "os": "android", "cpu": "arm" }, "sha512-vCPvzSjpPHEi1siZdlvAlsPxXl7WbOVUBBAowWug4rJHb68Ox8KualB+1ocNvT5fjv6wpkX6o/iEpbDrf68zcg=="],

    "@esbuild/android-arm64": ["@esbuild/android-arm64@0.21.5", "https://registry.npmmirror.com/@esbuild/android-arm64/-/android-arm64-0.21.5.tgz", { "os": "android", "cpu": "arm64" }, "sha512-c0uX9VAUBQ7dTDCjq+wdyGLowMdtR/GoC2U5IYk/7D1H1JYC0qseD7+11iMP2mRLN9RcCMRcjC4YMclCzGwS/A=="],

    "@esbuild/android-x64": ["@esbuild/android-x64@0.21.5", "https://registry.npmmirror.com/@esbuild/android-x64/-/android-x64-0.21.5.tgz", { "os": "android", "cpu": "x64" }, "sha512-D7aPRUUNHRBwHxzxRvp856rjUHRFW1SdQATKXH2hqA0kAZb1hKmi02OpYRacl0TxIGz/ZmXWlbZgjwWYaCakTA=="],

    "@esbuild/darwin-arm64": ["@esbuild/darwin-arm64@0.21.5", "https://registry.npmmirror.com/@esbuild/darwin-arm64/-/darwin-arm64-0.21.5.tgz", { "os": "darwin", "cpu": "arm64" }, "sha512-DwqXqZyuk5AiWWf3UfLiRDJ5EDd49zg6O9wclZ7kUMv2WRFr4HKjXp/5t8JZ11QbQfUS6/cRCKGwYhtNAY88kQ=="],

    "@esbuild/darwin-x64": ["@esbuild/darwin-x64@0.21.5", "https://registry.npmmirror.com/@esbuild/darwin-x64/-/darwin-x64-0.21.5.tgz", { "os": "darwin", "cpu": "x64" }, "sha512-se/JjF8NlmKVG4kNIuyWMV/22ZaerB+qaSi5MdrXtd6R08kvs2qCN4C09miupktDitvh8jRFflwGFBQcxZRjbw=="],

    "@esbuild/freebsd-arm64": ["@esbuild/freebsd-arm64@0.21.5", "https://registry.npmmirror.com/@esbuild/freebsd-arm64/-/freebsd-arm64-0.21.5.tgz", { "os": "freebsd", "cpu": "arm64" }, "sha512-5JcRxxRDUJLX8JXp/wcBCy3pENnCgBR9bN6JsY4OmhfUtIHe3ZW0mawA7+RDAcMLrMIZaf03NlQiX9DGyB8h4g=="],

    "@esbuild/freebsd-x64": ["@esbuild/freebsd-x64@0.21.5", "https://registry.npmmirror.com/@esbuild/freebsd-x64/-/freebsd-x64-0.21.5.tgz", { "os": "freebsd", "cpu": "x64" }, "sha512-J95kNBj1zkbMXtHVH29bBriQygMXqoVQOQYA+ISs0/2l3T9/kj42ow2mpqerRBxDJnmkUDCaQT/dfNXWX/ZZCQ=="],

    "@esbuild/linux-arm": ["@esbuild/linux-arm@0.21.5", "https://registry.npmmirror.com/@esbuild/linux-arm/-/linux-arm-0.21.5.tgz", { "os": "linux", "cpu": "arm" }, "sha512-bPb5AHZtbeNGjCKVZ9UGqGwo8EUu4cLq68E95A53KlxAPRmUyYv2D6F0uUI65XisGOL1hBP5mTronbgo+0bFcA=="],

    "@esbuild/linux-arm64": ["@esbuild/linux-arm64@0.21.5", "https://registry.npmmirror.com/@esbuild/linux-arm64/-/linux-arm64-0.21.5.tgz", { "os": "linux", "cpu": "arm64" }, "sha512-ibKvmyYzKsBeX8d8I7MH/TMfWDXBF3db4qM6sy+7re0YXya+K1cem3on9XgdT2EQGMu4hQyZhan7TeQ8XkGp4Q=="],

    "@esbuild/linux-ia32": ["@esbuild/linux-ia32@0.21.5", "https://registry.npmmirror.com/@esbuild/linux-ia32/-/linux-ia32-0.21.5.tgz", { "os": "linux", "cpu": "ia32" }, "sha512-YvjXDqLRqPDl2dvRODYmmhz4rPeVKYvppfGYKSNGdyZkA01046pLWyRKKI3ax8fbJoK5QbxblURkwK/MWY18Tg=="],

    "@esbuild/linux-loong64": ["@esbuild/linux-loong64@0.21.5", "https://registry.npmmirror.com/@esbuild/linux-loong64/-/linux-loong64-0.21.5.tgz", { "os": "linux", "cpu": "none" }, "sha512-uHf1BmMG8qEvzdrzAqg2SIG/02+4/DHB6a9Kbya0XDvwDEKCoC8ZRWI5JJvNdUjtciBGFQ5PuBlpEOXQj+JQSg=="],

    "@esbuild/linux-mips64el": ["@esbuild/linux-mips64el@0.21.5", "https://registry.npmmirror.com/@esbuild/linux-mips64el/-/linux-mips64el-0.21.5.tgz", { "os": "linux", "cpu": "none" }, "sha512-IajOmO+KJK23bj52dFSNCMsz1QP1DqM6cwLUv3W1QwyxkyIWecfafnI555fvSGqEKwjMXVLokcV5ygHW5b3Jbg=="],

    "@esbuild/linux-ppc64": ["@esbuild/linux-ppc64@0.21.5", "https://registry.npmmirror.com/@esbuild/linux-ppc64/-/linux-ppc64-0.21.5.tgz", { "os": "linux", "cpu": "ppc64" }, "sha512-1hHV/Z4OEfMwpLO8rp7CvlhBDnjsC3CttJXIhBi+5Aj5r+MBvy4egg7wCbe//hSsT+RvDAG7s81tAvpL2XAE4w=="],

    "@esbuild/linux-riscv64": ["@esbuild/linux-riscv64@0.21.5", "https://registry.npmmirror.com/@esbuild/linux-riscv64/-/linux-riscv64-0.21.5.tgz", { "os": "linux", "cpu": "none" }, "sha512-2HdXDMd9GMgTGrPWnJzP2ALSokE/0O5HhTUvWIbD3YdjME8JwvSCnNGBnTThKGEB91OZhzrJ4qIIxk/SBmyDDA=="],

    "@esbuild/linux-s390x": ["@esbuild/linux-s390x@0.21.5", "https://registry.npmmirror.com/@esbuild/linux-s390x/-/linux-s390x-0.21.5.tgz", { "os": "linux", "cpu": "s390x" }, "sha512-zus5sxzqBJD3eXxwvjN1yQkRepANgxE9lgOW2qLnmr8ikMTphkjgXu1HR01K4FJg8h1kEEDAqDcZQtbrRnB41A=="],

    "@esbuild/linux-x64": ["@esbuild/linux-x64@0.21.5", "https://registry.npmmirror.com/@esbuild/linux-x64/-/linux-x64-0.21.5.tgz", { "os": "linux", "cpu": "x64" }, "sha512-1rYdTpyv03iycF1+BhzrzQJCdOuAOtaqHTWJZCWvijKD2N5Xu0TtVC8/+1faWqcP9iBCWOmjmhoH94dH82BxPQ=="],

    "@esbuild/netbsd-x64": ["@esbuild/netbsd-x64@0.21.5", "https://registry.npmmirror.com/@esbuild/netbsd-x64/-/netbsd-x64-0.21.5.tgz", { "os": "none", "cpu": "x64" }, "sha512-Woi2MXzXjMULccIwMnLciyZH4nCIMpWQAs049KEeMvOcNADVxo0UBIQPfSmxB3CWKedngg7sWZdLvLczpe0tLg=="],

    "@esbuild/openbsd-x64": ["@esbuild/openbsd-x64@0.21.5", "https://registry.npmmirror.com/@esbuild/openbsd-x64/-/openbsd-x64-0.21.5.tgz", { "os": "openbsd", "cpu": "x64" }, "sha512-HLNNw99xsvx12lFBUwoT8EVCsSvRNDVxNpjZ7bPn947b8gJPzeHWyNVhFsaerc0n3TsbOINvRP2byTZ5LKezow=="],

    "@esbuild/sunos-x64": ["@esbuild/sunos-x64@0.21.5", "https://registry.npmmirror.com/@esbuild/sunos-x64/-/sunos-x64-0.21.5.tgz", { "os": "sunos", "cpu": "x64" }, "sha512-6+gjmFpfy0BHU5Tpptkuh8+uw3mnrvgs+dSPQXQOv3ekbordwnzTVEb4qnIvQcYXq6gzkyTnoZ9dZG+D4garKg=="],

    "@esbuild/win32-arm64": ["@esbuild/win32-arm64@0.21.5", "https://registry.npmmirror.com/@esbuild/win32-arm64/-/win32-arm64-0.21.5.tgz", { "os": "win32", "cpu": "arm64" }, "sha512-Z0gOTd75VvXqyq7nsl93zwahcTROgqvuAcYDUr+vOv8uHhNSKROyU961kgtCD1e95IqPKSQKH7tBTslnS3tA8A=="],

    "@esbuild/win32-ia32": ["@esbuild/win32-ia32@0.21.5", "https://registry.npmmirror.com/@esbuild/win32-ia32/-/win32-ia32-0.21.5.tgz", { "os": "win32", "cpu": "ia32" }, "sha512-SWXFF1CL2RVNMaVs+BBClwtfZSvDgtL//G/smwAc5oVK/UPu2Gu9tIaRgFmYFFKrmg3SyAjSrElf0TiJ1v8fYA=="],

    "@esbuild/win32-x64": ["@esbuild/win32-x64@0.21.5", "https://registry.npmmirror.com/@esbuild/win32-x64/-/win32-x64-0.21.5.tgz", { "os": "win32", "cpu": "x64" }, "sha512-tQd/1efJuzPC6rCFwEvLtci/xNFcTZknmXs98FYDfGE4wP9ClFV98nyKrzJKVPMhdDnjzLhdUyMX4PsQAPjwIw=="],

    "@iconify-json/fluent": ["@iconify-json/fluent@1.2.59", "https://registry.npmmirror.com/@iconify-json/fluent/-/fluent-1.2.59.tgz", { "dependencies": { "@iconify/types": "*" } }, "sha512-fxed71Y7Tg6aXZCZeVyOevFQdMgbPPrIV+pE/3gTLxFlVLTtDkAsK/B/WZzkLUYxJ3cdoP0ex2a23Oi6ePhWkA=="],

    "@iconify/types": ["@iconify/types@2.0.0", "https://registry.npmmirror.com/@iconify/types/-/types-2.0.0.tgz", {}, "sha512-+wluvCrRhXrhyOmRDJ3q8mux9JkKy5SJ/v8ol2tu4FVjyYvtEzkc/3pK15ET6RKg4b4w4BmTk1+gsCUhf21Ykg=="],

    "@iconify/vue": ["@iconify/vue@4.3.0", "https://registry.npmmirror.com/@iconify/vue/-/vue-4.3.0.tgz", { "dependencies": { "@iconify/types": "^2.0.0" }, "peerDependencies": { "vue": ">=3" } }, "sha512-Xq0h6zMrHBbrW8jXJ9fISi+x8oDQllg5hTDkDuxnWiskJ63rpJu9CvJshj8VniHVTbsxCg9fVoPAaNp3RQI5OQ=="],

    "@jridgewell/sourcemap-codec": ["@jridgewell/sourcemap-codec@1.6.0", "https://registry.npmmirror.com/@jridgewell/sourcemap-codec/-/sourcemap-codec-1.6.0.tgz", {}, "sha512-T7jf+5zgsZHwNJ4lvQ7/aezbyk0nNX+zJVWpmHA7VYsEx7a7qr5Rg5IbtJFqkgze5Y2sruq1RUY8Q837Od7iFw=="],

    "@napi-rs/lzma-linux-x64-gnu": ["@napi-rs/lzma-linux-x64-gnu@1.5.1", "https://registry.npmmirror.com/@napi-rs/lzma-linux-x64-gnu/-/lzma-linux-x64-gnu-1.5.1.tgz", { "os": "linux", "cpu": "x64" }, "sha512-oTXEIha4SsuXdTA4Iyskj0kpdx2yVXdhd75c2v3xGrHFfVMsbhTPZU/nMPL4sWKo4pBHm3aucLaqGlF696dTyQ=="],

    "@rollup/rollup-android-arm-eabi": ["@rollup/rollup-android-arm-eabi@4.63.6", "https://registry.npmmirror.com/@rollup/rollup-android-arm-eabi/-/rollup-android-arm-eabi-4.63.6.tgz", { "os": "android", "cpu": "arm" }, "sha512-G6xF9OVRWsbHadMfoPNUDwW/Jt70QYG+ZDUvtYCFxjf3SPhqVAO0u9ShXZ7Cf5silVoRWyN4bDjCEKnJkXkw0w=="],

    "@rollup/rollup-android-arm64": ["@rollup/rollup-android-arm64@4.63.6", "https://registry.npmmirror.com/@rollup/rollup-android-arm64/-/rollup-android-arm64-4.63.6.tgz", { "os": "android", "cpu": "arm64" }, "sha512-Us/kTH5e2anr1CQvO8MEq4eeCVcIXI3Ag7OFxDI30n2OW7Q7xWuxo8ItbYq28PG2Sm1NWmZzG9+SqVEaj25SFA=="],

    "@rollup/rollup-darwin-arm64": ["@rollup/rollup-darwin-arm64@4.63.6", "https://registry.npmmirror.com/@rollup/rollup-darwin-arm64/-/rollup-darwin-arm64-4.63.6.tgz", { "os": "darwin", "cpu": "arm64" }, "sha512-fwaSNrSHp9PJuEh4bKtd0mYC+G3FeVDjSTmsSiSlIYu7TFCpxrfB6lk7Ao8cIbswFyklPB1ZDUV8LkLBM15VWw=="],

    "@rollup/rollup-darwin-x64": ["@rollup/rollup-darwin-x64@4.63.6", "https://registry.npmmirror.com/@rollup/rollup-darwin-x64/-/rollup-darwin-x64-4.63.6.tgz", { "os": "darwin", "cpu": "x64" }, "sha512-QR2tx26gCeGh4eAGnUasfnJuRc+d7Vc0Jo1/fYtKGuiKqCuhbVpbNEvqgYGBwGDZGyS04jj+zdHi9W8uvb1Sdw=="],

    "@rollup/rollup-freebsd-arm64": ["@rollup/rollup-freebsd-arm64@4.63.6", "https://registry.npmmirror.com/@rollup/rollup-freebsd-arm64/-/rollup-freebsd-arm64-4.63.6.tgz", { "os": "freebsd", "cpu": "arm64" }, "sha512-7E1wRJEW8r7WlqmCy58ugndWHrzoEV/pRt2x0D9el7Inra62+Cw00lYW9XhW6iUCtFjhNw49McsSCIzJ/nG8uw=="],

    "@rollup/rollup-freebsd-x64": ["@rollup/rollup-freebsd-x64@4.63.6", "https://registry.npmmirror.com/@rollup/rollup-freebsd-x64/-/rollup-freebsd-x64-4.63.6.tgz", { "os": "freebsd", "cpu": "x64" }, "sha512-13KJeF+vDswMzEHmMIouCVcEQdov3CzAA3ZhM8QFmBJV/FZ/VMZI49UHDvPXTK+wokk86kYPmQ9Qb3xGGJbZoQ=="],

    "@rollup/rollup-linux-arm-gnueabihf": ["@rollup/rollup-linux-arm-gnueabihf@4.63.6", "https://registry.npmmirror.com/@rollup/rollup-linux-arm-gnueabihf/-/rollup-linux-arm-gnueabihf-4.63.6.tgz", { "os": "linux", "cpu": "arm" }, "sha512-hV+W1r8HM84PER4If94QuzrrD0DNk4CxobNhVUiz9ZiiWHDzJss4Jra2AYGH1a7GOTzjS1sIyZ35yYEhw/aq+g=="],

    "@rollup/rollup-linux-arm-musleabihf": ["@rollup/rollup-linux-arm-musleabihf@4.63.6", "https://registry.npmmirror.com/@rollup/rollup-linux-arm-musleabihf/-/rollup-linux-arm-musleabihf-4.63.6.tgz", { "os": "linux", "cpu": "arm" }, "sha512-5dWs/GENZufRph8PEfl0TrNH/R3DHJA+VxF/dqlfV2oUZfxRtN3qmFXg2DZj8DYM8d+Vd3dgZtuVmoBE/nb2YQ=="],

    "@rollup/rollup-linux-arm64-gnu": ["@rollup/rollup-linux-arm64-gnu@4.63.6", "https://registry.npmmirror.com/@rollup/rollup-linux-arm64-gnu/-/rollup-linux-arm64-gnu-4.63.6.tgz", { "os": "linux", "cpu": "arm64" }, "sha512-inQYLPVIUvYk+s7zpxQldqwrajUNs+t4TJjPGzsdPTvsT8gsQXVcW/sQFolHZ3YSWVk0nMMwU7TtRi0Ow+QMuw=="],

    "@rollup/rollup-linux-arm64-musl": ["@rollup/rollup-linux-arm64-musl@4.63.6", "https://registry.npmmirror.com/@rollup/rollup-linux-arm64-musl/-/rollup-linux-arm64-musl-4.63.6.tgz", { "os": "linux", "cpu": "arm64" }, "sha512-sH+0MV1HmDC1q7+bQnlN9ywKBmHqkA2EdD/hHYrrz654ybc+vNC1FRNyzuYKicMQVtZZ4X2jz0osJYmsOtnj4g=="],

    "@rollup/rollup-linux-loong64-gnu": ["@rollup/rollup-linux-loong64-gnu@4.63.6", "https://registry.npmmirror.com/@rollup/rollup-linux-loong64-gnu/-/rollup-linux-loong64-gnu-4.63.6.tgz", { "os": "linux", "cpu": "none" }, "sha512-mCECvRr6HGekdBc6dvHzUWubqEti4JyOqlNePrOzl4Wimk26iW5Zy9rld2mQbC9id1NYjfF8nHLFq5fr3CuOKQ=="],

    "@rollup/rollup-linux-loong64-musl": ["@rollup/rollup-linux-loong64-musl@4.63.6", "https://registry.npmmirror.com/@rollup/rollup-linux-loong64-musl/-/rollup-linux-loong64-musl-4.63.6.tgz", { "os": "linux", "cpu": "none" }, "sha512-bb9rdoCPwM4DEsbOP3CJgFnvhSJ3XKCUYyUhxnlSs/XGT0DknpOYgLCPbK8VUzwl+cZGzFQm0KbBYRaSGZC2YQ=="],

    "@rollup/rollup-linux-ppc64-gnu": ["@rollup/rollup-linux-ppc64-gnu@4.63.6", "https://registry.npmmirror.com/@rollup/rollup-linux-ppc64-gnu/-/rollup-linux-ppc64-gnu-4.63.6.tgz", { "os": "linux", "cpu": "ppc64" }, "sha512-aIJRoGCHev45JSu7JMzVrMzu1NX3nQrXx1Vb/6y4AblxW7JpCMpk4e8C6lHzvSElxi3UEcMdFJldsuWQjV1ddA=="],

    "@rollup/rollup-linux-ppc64-musl": ["@rollup/rollup-linux-ppc64-musl@4.63.6", "https://registry.npmmirror.com/@rollup/rollup-linux-ppc64-musl/-/rollup-linux-ppc64-musl-4.63.6.tgz", { "os": "linux", "cpu": "ppc64" }, "sha512-LvjnulezHjiaM5Ga9MPCDLTVddjvcrJhZc6vEz9fxeFRGPJsPAX9HuTuPTUQ3l8d+nYpZB/xWzUpuKJlLQm3VQ=="],

    "@rollup/rollup-linux-riscv64-gnu": ["@rollup/rollup-linux-riscv64-gnu@4.63.6", "https://registry.npmmirror.com/@rollup/rollup-linux-riscv64-gnu/-/rollup-linux-riscv64-gnu-4.63.6.tgz", { "os": "linux", "cpu": "none" }, "sha512-YmhSBeYZwJ937s8tKpYAhms48N+tj7e+oFkbkVVxfMRdAiynK2AxqRapJXB4utyXxc/iYTkMfPRQ+7ZP0IO78w=="],

    "@rollup/rollup-linux-riscv64-musl": ["@rollup/rollup-linux-riscv64-musl@4.63.6", "https://registry.npmmirror.com/@rollup/rollup-linux-riscv64-musl/-/rollup-linux-riscv64-musl-4.63.6.tgz", { "os": "linux", "cpu": "none" }, "sha512-9+YukhzqTvJvzfDXJJzkURK9TDY01nofNH3pyHGuucGC4xPvBVtIfCAqJjkjnmBEGJYNXB8sBc2EDt7xDgGenw=="],

    "@rollup/rollup-linux-s390x-gnu": ["@rollup/rollup-linux-s390x-gnu@4.63.6", "https://registry.npmmirror.com/@rollup/rollup-linux-s390x-gnu/-/rollup-linux-s390x-gnu-4.63.6.tgz", { "os": "linux", "cpu": "s390x" }, "sha512-9G5AtEkpN/A89BILHHEL9aYRYTuFjwa8PUQqoEg8SDrwOZBKpwYqNlQCBNI5QPwGrf7qFlb6LNFilo8FCSA3Wg=="],

    "@rollup/rollup-linux-x64-gnu": ["@rollup/rollup-linux-x64-gnu@4.63.6", "https://registry.npmmirror.com/@rollup/rollup-linux-x64-gnu/-/rollup-linux-x64-gnu-4.63.6.tgz", { "os": "linux", "cpu": "x64" }, "sha512-Ezx2E5D6Siz805j41x91JiGbzuCm8i2U98U37SQ7ytY737+wsJq+P9nPL6UmqDww491zO7MTivYOTrtmTTeCSw=="],

    "@rollup/rollup-linux-x64-musl": ["@rollup/rollup-linux-x64-musl@4.63.6", "https://registry.npmmirror.com/@rollup/rollup-linux-x64-musl/-/rollup-linux-x64-musl-4.63.6.tgz", { "os": "linux", "cpu": "x64" }, "sha512-8EZ1Q3PB7yUjvR4MbFAnCBF1wF0XRe5QQqbtlJXP7ZX5C8iYlSQJugUhj9oS0gbUP4jp9qGhaIgFnV9Nvod86Q=="],

    "@rollup/rollup-openbsd-x64": ["@rollup/rollup-openbsd-x64@4.63.6", "https://registry.npmmirror.com/@rollup/rollup-openbsd-x64/-/rollup-openbsd-x64-4.63.6.tgz", { "os": "openbsd", "cpu": "x64" }, "sha512-3JI27TALItfZ/qaxXKdbRXfV6WepUoUa3IN07FE+1xxoRdl3JIyrp5PiDF0vOHsPgEiOFkF8s3B3BRymQkdwGA=="],

    "@rollup/rollup-openharmony-arm64": ["@rollup/rollup-openharmony-arm64@4.63.6", "https://registry.npmmirror.com/@rollup/rollup-openharmony-arm64/-/rollup-openharmony-arm64-4.63.6.tgz", { "os": "none", "cpu": "arm64" }, "sha512-BNOGeNFNRZDT7Hfc7b9JbTZFXkpAXeXl/CZWtxdd5CNfBaor/0RkJjg+q+E2gwVIvGqqp/NclThKFGrhuScVhw=="],

    "@rollup/rollup-win32-arm64-msvc": ["@rollup/rollup-win32-arm64-msvc@4.63.6", "https://registry.npmmirror.com/@rollup/rollup-win32-arm64-msvc/-/rollup-win32-arm64-msvc-4.63.6.tgz", { "os": "win32", "cpu": "arm64" }, "sha512-D3eEyLSIim5WF5fHbwnx+ryk0delN7fJyBrDTO3wVCCNBZ/cA8aCGwLS3SiuK+vRI4E7dqikAlStGuR20dBMuw=="],

    "@rollup/rollup-win32-ia32-msvc": ["@rollup/rollup-win32-ia32-msvc@4.63.6", "https://registry.npmmirror.com/@rollup/rollup-win32-ia32-msvc/-/rollup-win32-ia32-msvc-4.63.6.tgz", { "os": "win32", "cpu": "ia32" }, "sha512-xwbs9g8zLbHzj1poG1uh27xtubsu27Gk2nuN6kvvGDybjiTfwMksQAnF+phlvI5oeXkJWWDc6kg1t3XpgUYvrg=="],

    "@rollup/rollup-win32-x64-gnu": ["@rollup/rollup-win32-x64-gnu@4.63.6", "https://registry.npmmirror.com/@rollup/rollup-win32-x64-gnu/-/rollup-win32-x64-gnu-4.63.6.tgz", { "os": "win32", "cpu": "x64" }, "sha512-Tr6rhRNnFthvXr45zWVZQ5P8jZ5UwZnXNc7Qnu80cP/VVYtSioOPmvv7wP6UMgRfkBCJr2Pm60ua0YBDSJjgnw=="],

    "@rollup/rollup-win32-x64-msvc": ["@rollup/rollup-win32-x64-msvc@4.63.6", "https://registry.npmmirror.com/@rollup/rollup-win32-x64-msvc/-/rollup-win32-x64-msvc-4.63.6.tgz", { "os": "win32", "cpu": "x64" }, "sha512-0RAxO1pS/6lY1mSoD2Apm+6aPyfUlm+OWKgncIdj/eVN9I+pDY3lKgD7xsUNFei1u7MZQETGOo6m8POXMDp53A=="],

    "@tauri-apps/api": ["@tauri-apps/api@2.12.1", "https://registry.npmmirror.com/@tauri-apps/api/-/api-2.12.1.tgz", {}, "sha512-DeyFHa3wynpyoqTDikDEDGTJIq4LQ5USfolQGRmGIWT6JMADyxZBTDa5cAdT3tDg73rUXufPaCwN7aXBos4OnQ=="],

    "@tauri-apps/cli": ["@tauri-apps/cli@2.12.1", "https://registry.npmmirror.com/@tauri-apps/cli/-/cli-2.12.1.tgz", { "optionalDependencies": { "@tauri-apps/cli-darwin-arm64": "2.12.1", "@tauri-apps/cli-darwin-x64": "2.12.1", "@tauri-apps/cli-linux-arm-gnueabihf": "2.12.1", "@tauri-apps/cli-linux-arm64-gnu": "2.12.1", "@tauri-apps/cli-linux-arm64-musl": "2.12.1", "@tauri-apps/cli-linux-riscv64-gnu": "2.12.1", "@tauri-apps/cli-linux-x64-gnu": "2.12.1", "@tauri-apps/cli-linux-x64-musl": "2.12.1", "@tauri-apps/cli-win32-arm64-msvc": "2.12.1", "@tauri-apps/cli-win32-ia32-msvc": "2.12.1", "@tauri-apps/cli-win32-x64-msvc": "2.12.1" }, "bin": { "tauri": "tauri.js" } }, "sha512-kEDEiGzG+yAc5FeLxtXpES/VN+F2C8H0r4gDVtfRLKxT9np9101d9REG/Kgo2lr0hKi0IpDsODiHnU3+naOmLg=="],

    "@tauri-apps/cli-darwin-arm64": ["@tauri-apps/cli-darwin-arm64@2.12.1", "https://registry.npmmirror.com/@tauri-apps/cli-darwin-arm64/-/cli-darwin-arm64-2.12.1.tgz", { "os": "darwin", "cpu": "arm64" }, "sha512-8bMnbpJ2jKO/ufrOPL65EMHC3ptw7fzeraoQkwibyfGLqIl+UCWsC0152kmNbW6r9NvVQduXqAZF5mH1QgTWhw=="],

    "@tauri-apps/cli-darwin-x64": ["@tauri-apps/cli-darwin-x64@2.12.1", "https://registry.npmmirror.com/@tauri-apps/cli-darwin-x64/-/cli-darwin-x64-2.12.1.tgz", { "os": "darwin", "cpu": "x64" }, "sha512-G+2qte8GNqNlEZ9ftd21rbu/APVkl3r/nzNDI7LVxEoqJWVNe9GbEgQUMH1r4PHT20Z2UxR3KjCkltIb0e/Wjg=="],

    "@tauri-apps/cli-linux-arm-gnueabihf": ["@tauri-apps/cli-linux-arm-gnueabihf@2.12.1", "https://registry.npmmirror.com/@tauri-apps/cli-linux-arm-gnueabihf/-/cli-linux-arm-gnueabihf-2.12.1.tgz", { "os": "linux", "cpu": "arm" }, "sha512-5b3n4DaTW+A1Zntnh4Yn44VyLrlPEpB8kMOBRfWkzNnzolBk+AYhKIfKjCLmoC8Mob3ETodxAEOMkE2YPKEWzQ=="],

    "@tauri-apps/cli-linux-arm64-gnu": ["@tauri-apps/cli-linux-arm64-gnu@2.12.1", "https://registry.npmmirror.com/@tauri-apps/cli-linux-arm64-gnu/-/cli-linux-arm64-gnu-2.12.1.tgz", { "os": "linux", "cpu": "arm64" }, "sha512-APArHhDu+8pXSCkCQmvaz1nD3d8WTmlCoSS/oG475TJ6AATBvyQOAmf5qELgsQ4s2+8MOsop0Zd699RKELF1Cw=="],

    "@tauri-apps/cli-linux-arm64-musl": ["@tauri-apps/cli-linux-arm64-musl@2.12.1", "https://registry.npmmirror.com/@tauri-apps/cli-linux-arm64-musl/-/cli-linux-arm64-musl-2.12.1.tgz", { "os": "linux", "cpu": "arm64" }, "sha512-JaCxcLoV0oGtllVkLr4UAHWG/wTfkEunnUqnsEsGYOp0VRxnUwHg63wFBD0jU2ul5eFfSLIDS4RF2gfzsSo5Jg=="],

    "@tauri-apps/cli-linux-riscv64-gnu": ["@tauri-apps/cli-linux-riscv64-gnu@2.12.1", "https://registry.npmmirror.com/@tauri-apps/cli-linux-riscv64-gnu/-/cli-linux-riscv64-gnu-2.12.1.tgz", { "os": "linux", "cpu": "none" }, "sha512-K5+VXM7+SGVDwZleA2+lMgvbTVuA5e1tkiVEawu1Yxj26ZyEfO8h8xTC1rBdRX2xgJDSwCk6vPUBCS6i+Z5slQ=="],

    "@tauri-apps/cli-linux-x64-gnu": ["@tauri-apps/cli-linux-x64-gnu@2.12.1", "https://registry.npmmirror.com/@tauri-apps/cli-linux-x64-gnu/-/cli-linux-x64-gnu-2.12.1.tgz", { "os": "linux", "cpu": "x64" }, "sha512-Z1QGPr49HJZMktu+Spu6Q1b/f9ANadXvqZZZt2645ua1x1ev6prOgp85eiGv2jRzohFEMLo6aJyaLjLUX5KIvA=="],

    "@tauri-apps/cli-linux-x64-musl": ["@tauri-apps/cli-linux-x64-musl@2.12.1", "https://registry.npmmirror.com/@tauri-apps/cli-linux-x64-musl/-/cli-linux-x64-musl-2.12.1.tgz", { "os": "linux", "cpu": "x64" }, "sha512-nHuEhRPOMSJ/8RRhtMRxB9B9lVr7xxpe4DapBz8x1GIau3vdzjHHJ1hAfmw+PyayPLZ6XoaVIHPgI17rX6ii8w=="],

    "@tauri-apps/cli-win32-arm64-msvc": ["@tauri-apps/cli-win32-arm64-msvc@2.12.1", "https://registry.npmmirror.com/@tauri-apps/cli-win32-arm64-msvc/-/cli-win32-arm64-msvc-2.12.1.tgz", { "os": "win32", "cpu": "arm64" }, "sha512-I0oPk2uGh86R8dAs2X5OxSP+/GqSc8jh1Px3l8EqrocSNivsRHDTh2k3PVOqdv163dlV6PIVvmhZAbH/lPfZrA=="],

    "@tauri-apps/cli-win32-ia32-msvc": ["@tauri-apps/cli-win32-ia32-msvc@2.12.1", "https://registry.npmmirror.com/@tauri-apps/cli-win32-ia32-msvc/-/cli-win32-ia32-msvc-2.12.1.tgz", { "os": "win32", "cpu": "ia32" }, "sha512-baNZRBfepAJ5qNFRMwzgBk94xQmkcmTZrNDjZjnzrq2vAaTC3NAhallb/zo3hyoCGQlMS13sdovktrg46NZz6Q=="],

    "@tauri-apps/cli-win32-x64-msvc": ["@tauri-apps/cli-win32-x64-msvc@2.12.1", "https://registry.npmmirror.com/@tauri-apps/cli-win32-x64-msvc/-/cli-win32-x64-msvc-2.12.1.tgz", { "os": "win32", "cpu": "x64" }, "sha512-dIFaKslrzcbesb+bBh+E1R9km241pHyj32w6D9FPtvQeYpRUFbiCLEa/2S+S0UnIytfxepp4P+X8IerGqnXeYg=="],

    "@tauri-apps/plugin-dialog": ["@tauri-apps/plugin-dialog@2.8.1", "https://registry.npmmirror.com/@tauri-apps/plugin-dialog/-/plugin-dialog-2.8.1.tgz", { "dependencies": { "@tauri-apps/api": "^2.12.0" } }, "sha512-/DtE3B62JgpYuWFL5ATXM6KOXUq7pca7cJWOgSqULhZsgyjLk0PWKek1dbRDvhNBW6flNsOfWphsKnb+738Dmw=="],

    "@tauri-apps/plugin-opener": ["@tauri-apps/plugin-opener@2.7.0", "https://registry.npmmirror.com/@tauri-apps/plugin-opener/-/plugin-opener-2.7.0.tgz", { "dependencies": { "@tauri-apps/api": "^2.12.0" } }, "sha512-mBorYfVKh9Lt7s4ZFtKbMUTxBw+Y/sVmSlKCtkkoBgMTC/DIbt/kaPm67L/2djAUqDI1wbixy5OHHVmipjuGMw=="],

    "@types/estree": ["@types/estree@1.0.9", "https://registry.npmmirror.com/@types/estree/-/estree-1.0.9.tgz", {}, "sha512-GhdPgy1el4/ImP05X05Uw4cw2/M93BCUmnEvWZNStlCzEKME4Fkk+YpoA5OiHNQmoS7Cafb8Xa3Pya8m1Qrzeg=="],

    "@vitejs/plugin-vue": ["@vitejs/plugin-vue@5.2.4", "https://registry.npmmirror.com/@vitejs/plugin-vue/-/plugin-vue-5.2.4.tgz", { "peerDependencies": { "vite": "^5.0.0 || ^6.0.0", "vue": "^3.2.25" } }, "sha512-7Yx/SXSOcQq5HiiV3orevHUFn+pmMB4cgbEkDYgnkUWb0WfeQ/wa2yFv6D5ICiCQOVpjA7vYDXrC7AGO8yjDHA=="],

    "@vue/compiler-core": ["@vue/compiler-core@3.5.43", "https://registry.npmmirror.com/@vue/compiler-core/-/compiler-core-3.5.43.tgz", { "dependencies": { "@babel/parser": "^7.29.8", "@vue/shared": "3.5.43", "entities": "^7.0.1", "estree-walker": "^2.0.2", "source-map-js": "^1.2.1" } }, "sha512-zdiLhnbe1QQqgDT8xZMpNmyqZ3qlI+/Q/FHQco57Kwl/b05HhCzN6eVGN9QU9rbga4CrS0H5SYY8VGHZCt/1Hg=="],

    "@vue/compiler-dom": ["@vue/compiler-dom@3.5.43", "https://registry.npmmirror.com/@vue/compiler-dom/-/compiler-dom-3.5.43.tgz", { "dependencies": { "@vue/compiler-core": "3.5.43", "@vue/shared": "3.5.43" } }, "sha512-PEZoAk3NQmsn/ejMzSOCyTYqwGqczrWm70PuhBKjjv1+TCoQAaO/zOqNwjV+honlNstT5ILxtc+8r8UUfj+iEQ=="],

    "@vue/compiler-sfc": ["@vue/compiler-sfc@3.5.43", "https://registry.npmmirror.com/@vue/compiler-sfc/-/compiler-sfc-3.5.43.tgz", { "dependencies": { "@babel/parser": "^7.29.8", "@vue/compiler-core": "3.5.43", "@vue/compiler-dom": "3.5.43", "@vue/compiler-ssr": "3.5.43", "@vue/shared": "3.5.43", "estree-walker": "^2.0.2", "magic-string": "^0.30.21", "postcss": "^8.5.28", "source-map-js": "^1.2.1" } }, "sha512-FCbrG3XNCRl+js3huuKx4IVHBLTvMkJhVepjbxSPu1gn4yWLaYtGNQdjJGZaMytXB6qb76qQDDmDSLy/vkmleQ=="],

    "@vue/compiler-ssr": ["@vue/compiler-ssr@3.5.43", "https://registry.npmmirror.com/@vue/compiler-ssr/-/compiler-ssr-3.5.43.tgz", { "dependencies": { "@vue/compiler-dom": "3.5.43", "@vue/shared": "3.5.43" } }, "sha512-GF62orf7KiJX9RqrHNGrYBudsQGD0OhJ5nDs90O8UiDuS40+YMYomiXu6w6EuvtXuRDc3MSNis3EaaSKAVSWpg=="],

    "@vue/devtools-api": ["@vue/devtools-api@6.6.4", "https://registry.npmmirror.com/@vue/devtools-api/-/devtools-api-6.6.4.tgz", {}, "sha512-sGhTPMuXqZ1rVOk32RylztWkfXTRhuS7vgAKv0zjqk8gbsHkJ7xfFf+jbySxt7tWObEJwyKaHMikV/WGDiQm8g=="],

    "@vue/reactivity": ["@vue/reactivity@3.5.43", "https://registry.npmmirror.com/@vue/reactivity/-/reactivity-3.5.43.tgz", { "dependencies": { "@vue/shared": "3.5.43" } }, "sha512-G/c9GyOZNI2jVaaS6OX1EF1SSFSv7H0ERqNTl4+DTFMlZmB5eVAB53aLQNam/7NL2NPtaDD7RdVrzf8uJzMuOA=="],

    "@vue/runtime-core": ["@vue/runtime-core@3.5.43", "https://registry.npmmirror.com/@vue/runtime-core/-/runtime-core-3.5.43.tgz", { "dependencies": { "@vue/reactivity": "3.5.43", "@vue/shared": "3.5.43" } }, "sha512-hU6U6VnVhBGQDpvlnnDlIB8ZGJBiOcgk2lh/0InltHiz3D8oSkluvuvY+do1G2H3+udeKFsmaBlgVYP7gXQzEw=="],

    "@vue/runtime-dom": ["@vue/runtime-dom@3.5.43", "https://registry.npmmirror.com/@vue/runtime-dom/-/runtime-dom-3.5.43.tgz", { "dependencies": { "@vue/reactivity": "3.5.43", "@vue/runtime-core": "3.5.43", "@vue/shared": "3.5.43", "csstype": "^3.2.3" } }, "sha512-Bb2Jc0YjjJdMt1SJmb9b2L/IWd3I8lIT9x9eS/xvvP9CiVgna0ffua74xKRmt4/uSJ+0r4iN8ex1jrqkhQGWQw=="],

    "@vue/server-renderer": ["@vue/server-renderer@3.5.43", "https://registry.npmmirror.com/@vue/server-renderer/-/server-renderer-3.5.43.tgz", { "dependencies": { "@vue/compiler-ssr": "3.5.43", "@vue/runtime-dom": "3.5.43", "@vue/shared": "3.5.43" } }, "sha512-l2Ygjv9NehV94PSBxNWsAHC0j/eIIKbn92mBuWXAPGLnn6HfJ6MH5ubsd+Nk0YoZ5FRuxWI1P2VSoh+dbPQhCQ=="],

    "@vue/shared": ["@vue/shared@3.5.43", "https://registry.npmmirror.com/@vue/shared/-/shared-3.5.43.tgz", {}, "sha512-uksS7YGMR5NZyr4JNq0Rp+QyLns0ueaz20KwzIPW9R0LH1Vnt4E+XUM29PNseEbf1www2gOuhuDi5AKOIXag9Q=="],

    "csstype": ["csstype@3.2.3", "https://registry.npmmirror.com/csstype/-/csstype-3.2.3.tgz", {}, "sha512-z1HGKcYy2xA8AGQfwrn0PAy+PB7X/GSj3UVJW9qKyn43xWa+gl5nXmU4qqLMRzWVLFC8KusUX8T/0kCiOYpAIQ=="],

    "entities": ["entities@7.0.1", "https://registry.npmmirror.com/entities/-/entities-7.0.1.tgz", {}, "sha512-TWrgLOFUQTH994YUyl1yT4uyavY5nNB5muff+RtWaqNVCAK408b5ZnnbNAUEWLTCpum9w6arT70i1XdQ4UeOPA=="],

    "esbuild": ["esbuild@0.21.5", "https://registry.npmmirror.com/esbuild/-/esbuild-0.21.5.tgz", { "optionalDependencies": { "@esbuild/aix-ppc64": "0.21.5", "@esbuild/android-arm": "0.21.5", "@esbuild/android-arm64": "0.21.5", "@esbuild/android-x64": "0.21.5", "@esbuild/darwin-arm64": "0.21.5", "@esbuild/darwin-x64": "0.21.5", "@esbuild/freebsd-arm64": "0.21.5", "@esbuild/freebsd-x64": "0.21.5", "@esbuild/linux-arm": "0.21.5", "@esbuild/linux-arm64": "0.21.5", "@esbuild/linux-ia32": "0.21.5", "@esbuild/linux-loong64": "0.21.5", "@esbuild/linux-mips64el": "0.21.5", "@esbuild/linux-ppc64": "0.21.5", "@esbuild/linux-riscv64": "0.21.5", "@esbuild/linux-s390x": "0.21.5", "@esbuild/linux-x64": "0.21.5", "@esbuild/netbsd-x64": "0.21.5", "@esbuild/openbsd-x64": "0.21.5", "@esbuild/sunos-x64": "0.21.5", "@esbuild/win32-arm64": "0.21.5", "@esbuild/win32-ia32": "0.21.5", "@esbuild/win32-x64": "0.21.5" }, "bin": { "esbuild": "bin/esbuild" } }, "sha512-mg3OPMV4hXywwpoDxu3Qda5xCKQi+vCTZq8S9J/EpkhB2HzKXq4SNFZE3+NK93JYxc8VMSep+lOUSC/RVKaBqw=="],

    "estree-walker": ["estree-walker@2.0.2", "https://registry.npmmirror.com/estree-walker/-/estree-walker-2.0.2.tgz", {}, "sha512-Rfkk/Mp/DL7JVje3u18FxFujQlTNR2q6QfMSMB7AvCBx91NGj/ba3kCfza0f6dVDbw7YlRf/nDrn7pQrCCyQ/w=="],

    "fsevents": ["fsevents@2.3.3", "https://registry.npmmirror.com/fsevents/-/fsevents-2.3.3.tgz", { "os": "darwin" }, "sha512-5xoDfX+fL7faATnagmWPpbFtwh/R77WmMMqqHGS65C3vvB0YHrgF+B1YmZ3441tMj5n63k0212XNoJwzlhffQw=="],

    "magic-string": ["magic-string@0.30.21", "https://registry.npmmirror.com/magic-string/-/magic-string-0.30.21.tgz", { "dependencies": { "@jridgewell/sourcemap-codec": "^1.5.5" } }, "sha512-vd2F4YUyEXKGcLHoq+TEyCjxueSeHnFxyyjNp80yg0XV4vUhnDer/lvvlqM/arB5bXQN5K2/3oinyCRyx8T2CQ=="],

    "nanoid": ["nanoid@3.3.19", "https://registry.npmmirror.com/nanoid/-/nanoid-3.3.19.tgz", { "bin": { "nanoid": "bin/nanoid.cjs" } }, "sha512-Y2tUNy4ouw6tq5oDSKeQYGOyhkUBhNOcGV/02KC+6kd9eDGqdZd++mjMiIDilrBYvjEnCYvVtsuHCuP+okSfug=="],

    "picocolors": ["picocolors@1.1.1", "https://registry.npmmirror.com/picocolors/-/picocolors-1.1.1.tgz", {}, "sha512-xceH2snhtb5M9liqDsmEw56le376mTZkEX/jEb/RxNFyegNul7eNslCXP9FDj/Lcu0X8KEyMceP2ntpaHrDEVA=="],

    "postcss": ["postcss@8.5.28", "https://registry.npmmirror.com/postcss/-/postcss-8.5.28.tgz", { "dependencies": { "nanoid": "^3.3.18", "picocolors": "^1.1.1", "source-map-js": "^1.2.1" } }, "sha512-RRuzqDtt5Y9h3quz5hWhK+TPnsmVs6WwSU6LkJMeY4HstUEDuYTG8UJSdawMRzmzAtV+KEoG8N3Qg2qLy5vM/A=="],

    "rollup": ["rollup@4.63.6", "https://registry.npmmirror.com/rollup/-/rollup-4.63.6.tgz", { "dependencies": { "@types/estree": "1.0.9" }, "optionalDependencies": { "@napi-rs/lzma-linux-x64-gnu": "1.5.1", "@rollup/rollup-android-arm-eabi": "4.63.6", "@rollup/rollup-android-arm64": "4.63.6", "@rollup/rollup-darwin-arm64": "4.63.6", "@rollup/rollup-darwin-x64": "4.63.6", "@rollup/rollup-freebsd-arm64": "4.63.6", "@rollup/rollup-freebsd-x64": "4.63.6", "@rollup/rollup-linux-arm-gnueabihf": "4.63.6", "@rollup/rollup-linux-arm-musleabihf": "4.63.6", "@rollup/rollup-linux-arm64-gnu": "4.63.6", "@rollup/rollup-linux-arm64-musl": "4.63.6", "@rollup/rollup-linux-loong64-gnu": "4.63.6", "@rollup/rollup-linux-loong64-musl": "4.63.6", "@rollup/rollup-linux-ppc64-gnu": "4.63.6", "@rollup/rollup-linux-ppc64-musl": "4.63.6", "@rollup/rollup-linux-riscv64-gnu": "4.63.6", "@rollup/rollup-linux-riscv64-musl": "4.63.6", "@rollup/rollup-linux-s390x-gnu": "4.63.6", "@rollup/rollup-linux-x64-gnu": "4.63.6", "@rollup/rollup-linux-x64-musl": "4.63.6", "@rollup/rollup-openbsd-x64": "4.63.6", "@rollup/rollup-openharmony-arm64": "4.63.6", "@rollup/rollup-win32-arm64-msvc": "4.63.6", "@rollup/rollup-win32-ia32-msvc": "4.63.6", "@rollup/rollup-win32-x64-gnu": "4.63.6", "@rollup/rollup-win32-x64-msvc": "4.63.6", "fsevents": "~2.3.2" }, "bin": { "rollup": "dist/bin/rollup" } }, "sha512-w4+GKyTBqshj84F1GF3s2zxAPFZPEmNkCbQtqilsYS7GsksmX6VoV7UggfZg8sUHCCOkBe7UtQp6fZwbH311FQ=="],

    "source-map-js": ["source-map-js@1.2.2", "https://registry.npmmirror.com/source-map-js/-/source-map-js-1.2.2.tgz", {}, "sha512-KGj/8Y43x35aZVDtt+J4mK1hoLGHULMYfSkODJNQjNDC3oW1PqPoxMwo0pLUsWM/UEGzON/NxeHywEfNXNP3Vw=="],

    "vite": ["vite@5.4.21", "https://registry.npmmirror.com/vite/-/vite-5.4.21.tgz", { "dependencies": { "esbuild": "^0.21.3", "postcss": "^8.4.43", "rollup": "^4.20.0" }, "optionalDependencies": { "fsevents": "~2.3.3" }, "peerDependencies": { "@types/node": "^18.0.0 || >=20.0.0", "less": "*", "lightningcss": "^1.21.0", "sass": "*", "sass-embedded": "*", "stylus": "*", "sugarss": "*", "terser": "^5.4.0" }, "optionalPeers": ["@types/node", "less", "lightningcss", "sass", "sass-embedded", "stylus", "sugarss", "terser"], "bin": { "vite": "bin/vite.js" } }, "sha512-o5a9xKjbtuhY6Bi5S3+HvbRERmouabWbyUcpXXUA1u+GNUKoROi9byOJ8M0nHbHYHkYICiMlqxkg1KkYmm25Sw=="],

    "vue": ["vue@3.5.43", "https://registry.npmmirror.com/vue/-/vue-3.5.43.tgz", { "dependencies": { "@vue/compiler-dom": "3.5.43", "@vue/compiler-sfc": "3.5.43", "@vue/runtime-dom": "3.5.43", "@vue/server-renderer": "3.5.43", "@vue/shared": "3.5.43" }, "peerDependencies": { "typescript": "*" }, "optionalPeers": ["typescript"] }, "sha512-o5qZoksdnjIKvW1srZ3ab7pcDNYAerBjRe54D0LBLfRdCYFrSgBHVXokMas35czQc0//lmx4/tuY4ZNQ+Rf2Ng=="],

    "vue-fluent-widgets": ["vue-fluent-widgets@1.0.3", "https://registry.npmmirror.com/vue-fluent-widgets/-/vue-fluent-widgets-1.0.3.tgz", { "dependencies": { "@iconify/vue": "^4.3.0" }, "peerDependencies": { "@iconify-json/fluent": "^1.2.10", "vue": "^3.5.0", "vue-router": "^4.0.0" }, "optionalPeers": ["@iconify-json/fluent"] }, "sha512-0ZSAqtCyJwRZ6/Pwax5nwJZqzRYBcGbIeG2jjIaAbacHJ3urTadnLd+YOFhCLayZoAqe0qkrxmjuaoSsl4zB9g=="],

    "vue-router": ["vue-router@4.6.4", "https://registry.npmmirror.com/vue-router/-/vue-router-4.6.4.tgz", { "dependencies": { "@vue/devtools-api": "^6.6.4" }, "peerDependencies": { "vue": "^3.5.0" } }, "sha512-Hz9q5sa33Yhduglwz6g9skT8OBPii+4bFn88w6J+J4MfEo4KRRpmiNG/hHHkdbRFlLBOqxN8y8gf2Fb0MTUgVg=="],
  }
}
